
Microsoft Visual Studio Solution File, Format Version 12.00
# Visual Studio Version 17
VisualStudioVersion = 17.4.33122.133
MinimumVisualStudioVersion = 10.0.40219.1
Project("{FAE04EC0-301F-11D3-BF4B-00C04F79EFBC}") = "HiveKin", "HiveKin\HiveKin.csproj", "{4EA2C378-68D6-4242-8403-0885D00524EE}"
EndProject
Project("{2150E333-8FDC-42A3-9474-1A3956D46DE8}") = "Solution Files", "Solution Files", "{A52D723A-9563-4C38-9D78-4B26CD2C08CE}"
	ProjectSection(SolutionItems) = preProject
		.github\workflows\build.yml = .github\workflows\build.yml
		.github\dependabot.yml = .github\dependabot.yml
		README.md = README.md
	EndProjectSection
EndProject
Global
	GlobalSection(SolutionConfigurationPlatforms) = preSolution
		Debug|Any CPU = Debug|Any CPU
		Release|Any CPU = Release|Any CPU
	EndGlobalSection
	GlobalSection(ProjectConfigurationPlatforms) = postSolution
		{4EA2C378-68D6-4242-8403-0885D00524EE}.Debug|Any CPU.ActiveCfg = Debug|Any CPU
		{4EA2C378-68D6-4242-8403-0885D00524EE}.Debug|Any CPU.Build.0 = Debug|Any CPU
		{4EA2C378-68D6-4242-8403-0885D00524EE}.Release|Any CPU.ActiveCfg = Release|Any CPU
		{4EA2C378-68D6-4242-8403-0885D00524EE}.Release|Any CPU.Build.0 = Release|Any CPU
	EndGlobalSection
	GlobalSection(SolutionProperties) = preSolution
		HideSolutionNode = FALSE
	EndGlobalSection
	GlobalSection(ExtensibilityGlobals) = postSolution
		SolutionGuid = {4475F449-25D8-4970-9088-EBD1B66BAF58}
	EndGlobalSection
EndGlobal
